// !$*UTF8*$!
{
	archiveVersion = 1;
	classes = {
	};
	objectVersion = 50;
	objects = {

/* Begin PBXBuildFile section */
		BDDA53C2243CFA2F0018AC97 /* AppDelegate.swift in Sources */ = {isa = PBXBuildFile; fileRef = BDDA53C1243CFA2F0018AC97 /* AppDelegate.swift */; };
		BDDA53C4243CFA2F0018AC97 /* SceneDelegate.swift in Sources */ = {isa = PBXBuildFile; fileRef = BDDA53C3243CFA2F0018AC97 /* SceneDelegate.swift */; };
		BDDA53C6243CFA2F0018AC97 /* ContentView.swift in Sources */ = {isa = PBXBuildFile; fileRef = BDDA53C5243CFA2F0018AC97 /* ContentView.swift */; };
		BDDA53C8243CFA300018AC97 /* Assets.xcassets in Resources */ = {isa = PBXBuildFile; fileRef = BDDA53C7243CFA300018AC97 /* Assets.xcassets */; };
		BDDA53CB243CFA300018AC97 /* Preview Assets.xcassets in Resources */ = {isa = PBXBuildFile; fileRef = BDDA53CA243CFA300018AC97 /* Preview Assets.xcassets */; };
		BDDA53CE243CFA300018AC97 /* LaunchScreen.storyboard in Resources */ = {isa = PBXBuildFile; fileRef = BDDA53CC243CFA300018AC97 /* LaunchScreen.storyboard */; };
/* End PBXBuildFile section */

/* Begin PBXFileReference section */
		BDDA53BE243CFA2F0018AC97 /* 02-second_app.app */ = {isa = PBXFileReference; explicitFileType = wrapper.application; includeInIndex = 0; path = "02-second_app.app"; sourceTree = BUILT_PRODUCTS_DIR; };
		BDDA53C1243CFA2F0018AC97 /* AppDelegate.swift */ = {isa = PBXFileReference; lastKnownFileType = sourcecode.swift; path = AppDelegate.swift; sourceTree = "<group>"; };
		BDDA53C3243CFA2F0018AC97 /* SceneDelegate.swift */ = {isa = PBXFileReference; lastKnownFileType = sourcecode.swift; path = SceneDelegate.swift; sourceTree = "<group>"; };
		BDDA53C5243CFA2F0018AC97 /* ContentView.swift */ = {isa = PBXFileReference; lastKnownFileType = sourcecode.swift; path = ContentView.swift; sourceTree = "<group>"; };
		BDDA53C7243CFA300018AC97 /* Assets.xcassets */ = {isa = PBXFileReference; lastKnownFileType = folder.assetcatalog; path = Assets.xcassets; sourceTree = "<group>"; };
		BDDA53CA243CFA300018AC97 /* Preview Assets.xcassets */ = {isa = PBXFileReference; lastKnownFileType = folder.assetcatalog; path = "Preview Assets.xcassets"; sourceTree = "<group>"; };
		BDDA53CD243CFA300018AC97 /* Base */ = {isa = PBXFileReference; lastKnownFileType = file.storyboard; name = Base; path = Base.lproj/LaunchScreen.storyboard; sourceTree = "<group>"; };
		BDDA53CF243CFA300018AC97 /* Info.plist */ = {isa = PBXFileReference; lastKnownFileType = text.plist.xml; path = Info.plist; sourceTree = "<group>"; };
/* End PBXFileReference section */

/* Begin PBXFrameworksBuildPhase section */
		BDDA53BB243CFA2F0018AC97 /* Frameworks */ = {
			isa = PBXFrameworksBuildPhase;
			buildActionMask = 2147483647;
			files = (
			);
			runOnlyForDeploymentPostprocessing = 0;
		};
/* End PBXFrameworksBuildPhase section */

/* Begin PBXGroup section */
		BDDA53B5243CFA2F0018AC97 = {
			isa = PBXGroup;
			children = (
				BDDA53C0243CFA2F0018AC97 /* 02-second_app */,
				BDDA53BF243CFA2F0018AC97 /* Products */,
			);
			sourceTree = "<group>";
		};
		BDDA53BF243CFA2F0018AC97 /* Products */ = {
			isa = PBXGroup;
			children = (
				BDDA53BE243CFA2F0018AC97 /* 02-second_app.app */,
			);
			name = Products;
			sourceTree = "<group>";
		};
		BDDA53C0243CFA2F0018AC97 /* 02-second_app */ = {
			isa = PBXGroup;
			children = (
				BDDA53C1243CFA2F0018AC97 /* AppDelegate.swift */,
				BDDA53C3243CFA2F0018AC97 /* SceneDelegate.swift */,
				BDDA53C5243CFA2F0018AC97 /* ContentView.swift */,
				BDDA53C7243CFA300018AC97 /* Assets.xcassets */,
				BDDA53CC243CFA300018AC97 /* LaunchScreen.storyboard */,
				BDDA53CF243CFA300018AC97 /* Info.plist */,
				BDDA53C9243CFA300018AC97 /* Preview Content */,
			);
			path = "02-second_app";
			sourceTree = "<group>";
		};
		BDDA53C9243CFA300018AC97 /* Preview Content */ = {
			isa = PBXGroup;
			children = (
				BDDA53CA243CFA300018AC97 /* Preview Assets.xcassets */,
			);
			path = "Preview Content";
			sourceTree = "<group>";
		};
/* End PBXGroup section */

/* Begin PBXNativeTarget section */
		BDDA53BD243CFA2F0018AC97 /* 02-second_app */ = {
			isa = PBXNativeTarget;
			buildConfigurationList = BDDA53D2243CFA300018AC97 /* Build configuration list for PBXNativeTarget "02-second_app" */;
			buildPhases = (
				BDDA53BA243CFA2F0018AC97 /* Sources */,
				BDDA53BB243CFA2F0018AC97 /* Frameworks */,
				BDDA53BC243CFA2F0018AC97 /* Resources */,
			);
			buildRules = (
			);
			dependencies = (
			);
			name = "02-second_app";
			productName = "02-second_app";
			productReference = BDDA53BE243CFA2F0018AC97 /* 02-second_app.app */;
			productType = "com.apple.product-type.application";
		};
/* End PBXNativeTarget section */

/* Begin PBXProject section */
		BDDA53B6243CFA2F0018AC97 /* Project object */ = {
			isa = PBXProject;
			attributes = {
				LastSwiftUpdateCheck = 1140;
				LastUpgradeCheck = 1140;
				ORGANIZATIONNAME = "Manuel Rodriguez Alonso";
				TargetAttributes = {
					BDDA53BD243CFA2F0018AC97 = {
						CreatedOnToolsVersion = 11.4;
					};
				};
			};
			buildConfigurationList = BDDA53B9243CFA2F0018AC97 /* Build configuration list for PBXProject "02-second_app" */;
			compatibilityVersion = "Xcode 9.3";
			developmentRegion = en;
			hasScannedForEncodings = 0;
			knownRegions = (
				en,
				Base,
			);
			mainGroup = BDDA53B5243CFA2F0018AC97;
			productRefGroup = BDDA53BF243CFA2F0018AC97 /* Products */;
			projectDirPath = "";
			projectRoot = "";
			targets = (
				BDDA53BD243CFA2F0018AC97 /* 02-second_app */,
			);
		};
/* End PBXProject section */

/* Begin PBXResourcesBuildPhase section */
		BDDA53BC243CFA2F0018AC97 /* Resources */ = {
			isa = PBXResourcesBuildPhase;
			buildActionMask = 2147483647;
			files = (
				BDDA53CE243CFA300018AC97 /* LaunchScreen.storyboard in Resources */,
				BDDA53CB243CFA300018AC97 /* Preview Assets.xcassets in Resources */,
				BDDA53C8243CFA300018AC97 /* Assets.xcassets in Resources */,
			);
			runOnlyForDeploymentPostprocessing = 0;
		};
/* End PBXResourcesBuildPhase section */

/* Begin PBXSourcesBuildPhase section */
		BDDA53BA243CFA2F0018AC97 /* Sources */ = {
			isa = PBXSourcesBuildPhase;
			buildActionMask = 2147483647;
			files = (
				BDDA53C2243CFA2F0018AC97 /* AppDelegate.swift in Sources */,
				BDDA53C4243CFA2F0018AC97 /* SceneDelegate.swift in Sources */,
				BDDA53C6243CFA2F0018AC97 /* ContentView.swift in Sources */,
			);
			runOnlyForDeploymentPostprocessing = 0;
		};
/* End PBXSourcesBuildPhase section */

/* Begin PBXVariantGroup section */
		BDDA53CC243CFA300018AC97 /* LaunchScreen.storyboard */ = {
			isa = PBXVariantGroup;
			children = (
				BDDA53CD243CFA300018AC97 /* Base */,
			);
			name = LaunchScreen.storyboard;
			sourceTree = "<group>";
		};
/* End PBXVariantGroup section */

/* Begin XCBuildConfiguration section */
		BDDA53D0243CFA300018AC97 /* Debug */ = {
			isa = XCBuildConfiguration;
			buildSettings = {
				ALWAYS_SEARCH_USER_PATHS = NO;
				CLANG_ANALYZER_NONNULL = YES;
				CLANG_ANALYZER_NUMBER_OBJECT_CONVERSION = YES_AGGRESSIVE;
				CLANG_CXX_LANGUAGE_STANDARD = "gnu++14";
				CLANG_CXX_LIBRARY = "libc++";
				CLANG_ENABLE_MODULES = YES;
				CLANG_ENABLE_OBJC_ARC = YES;
				CLANG_ENABLE_OBJC_WEAK = YES;
				CLANG_WARN_BLOCK_CAPTURE_AUTORELEASING = YES;
				CLANG_WARN_BOOL_CONVERSION = YES;
				CLANG_WARN_COMMA = YES;
				CLANG_WARN_CONSTANT_CONVERSION = YES;
				CLANG_WARN_DEPRECATED_OBJC_IMPLEMENTATIONS = YES;
				CLANG_WARN_DIRECT_OBJC_ISA_USAGE = YES_ERROR;
				CLANG_WARN_DOCUMENTATION_COMMENTS = YES;
				CLANG_WARN_EMPTY_BODY = YES;
				CLANG_WARN_ENUM_CONVERSION = YES;
				CLANG_WARN_INFINITE_RECURSION = YES;
				CLANG_WARN_INT_CONVERSION = YES;
				CLANG_WARN_NON_LITERAL_NULL_CONVERSION = YES;
				CLANG_WARN_OBJC_IMPLICIT_RETAIN_SELF = YES;
				CLANG_WARN_OBJC_LITERAL_CONVERSION = YES;
				CLANG_WARN_OBJC_ROOT_CLASS = YES_ERROR;
				CLANG_WARN_RANGE_LOOP_ANALYSIS = YES;
				CLANG_WARN_STRICT_PROTOTYPES = YES;
				CLANG_WARN_SUSPICIOUS_MOVE = YES;
				CLANG_WARN_UNGUARDED_AVAILABILITY = YES_AGGRESSIVE;
				CLANG_WARN_UNREACHABLE_CODE = YES;
				CLANG_WARN__DUPLICATE_METHOD_MATCH = YES;
				COPY_PHASE_STRIP = NO;
				DEBUG_INFORMATION_FORMAT = dwarf;
				ENABLE_STRICT_OBJC_MSGSEND = YES;
				ENABLE_TESTABILITY = YES;
				GCC_C_LANGUAGE_STANDARD = gnu11;
				GCC_DYNAMIC_NO_PIC = NO;
				GCC_NO_COMMON_BLOCKS = YES;
				GCC_OPTIMIZATION_LEVEL = 0;
				GCC_PREPROCESSOR_DEFINITIONS = (
					"DEBUG=1",
					"$(inherited)",
				);
				GCC_WARN_64_TO_32_BIT_CONVERSION = YES;
				GCC_WARN_ABOUT_RETURN_TYPE = YES_ERROR;
				GCC_WARN_UNDECLARED_SELECTOR = YES;
				GCC_WARN_UNINITIALIZED_AUTOS = YES_AGGRESSIVE;
				GCC_WARN_UNUSED_FUNCTION = YES;
				GCC_WARN_UNUSED_VARIABLE = YES;
				IPHONEOS_DEPLOYMENT_TARGET = 13.4;
				MTL_ENABLE_DEBUG_INFO = INCLUDE_SOURCE;
				MTL_FAST_MATH = YES;
				ONLY_ACTIVE_ARCH = YES;
				SDKROOT = iphoneos;
				SWIFT_ACTIVE_COMPILATION_CONDITIONS = DEBUG;
				SWIFT_OPTIMIZATION_LEVEL = "-Onone";
			};
			name = Debug;
		};
		BDDA53D1243CFA300018AC97 /* Release */ = {
			isa = XCBuildConfiguration;
			buildSettings = {
				ALWAYS_SEARCH_USER_PATHS = NO;
				CLANG_ANALYZER_NONNULL = YES;
				CLANG_ANALYZER_NUMBER_OBJECT_CONVERSION = YES_AGGRESSIVE;
				CLANG_CXX_LANGUAGE_STANDARD = "gnu++14";
				CLANG_CXX_LIBRARY = "libc++";
				CLANG_ENABLE_MODULES = YES;
				CLANG_ENABLE_OBJC_ARC = YES;
				CLANG_ENABLE_OBJC_WEAK = YES;
				CLANG_WARN_BLOCK_CAPTURE_AUTORELEASING = YES;
				CLANG_WARN_BOOL_CONVERSION = YES;
				CLANG_WARN_COMMA = YES;
				CLANG_WARN_CONSTANT_CONVERSION = YES;
				CLANG_WARN_DEPRECATED_OBJC_IMPLEMENTATIONS = YES;
				CLANG_WARN_DIRECT_OBJC_ISA_USAGE = YES_ERROR;
				CLANG_WARN_DOCUMENTATION_COMMENTS = YES;
				CLANG_WARN_EMPTY_BODY = YES;
				CLANG_WARN_ENUM_CONVERSION = YES;
				CLANG_WARN_INFINITE_RECURSION = YES;
				CLANG_WARN_INT_CONVERSION = YES;
				CLANG_WARN_NON_LITERAL_NULL_CONVERSION = YES;
				CLANG_WARN_OBJC_IMPLICIT_RETAIN_SELF = YES;
				CLANG_WARN_OBJC_LITERAL_CONVERSION = YES;
				CLANG_WARN_OBJC_ROOT_CLASS = YES_ERROR;
				CLANG_WARN_RANGE_LOOP_ANALYSIS = YES;
				CLANG_WARN_STRICT_PROTOTYPES = YES;
				CLANG_WARN_SUSPICIOUS_MOVE = YES;
				CLANG_WARN_UNGUARDED_AVAILABILITY = YES_AGGRESSIVE;
				CLANG_WARN_UNREACHABLE_CODE = YES;
				CLANG_WARN__DUPLICATE_METHOD_MATCH = YES;
				COPY_PHASE_STRIP = NO;
				DEBUG_INFORMATION_FORMAT = "dwarf-with-dsym";
				ENABLE_NS_ASSERTIONS = NO;
				ENABLE_STRICT_OBJC_MSGSEND = YES;
				GCC_C_LANGUAGE_STANDARD = gnu11;
				GCC_NO_COMMON_BLOCKS = YES;
				GCC_WARN_64_TO_32_BIT_CONVERSION = YES;
				GCC_WARN_ABOUT_RETURN_TYPE = YES_ERROR;
				GCC_WARN_UNDECLARED_SELECTOR = YES;
				GCC_WARN_UNINITIALIZED_AUTOS = YES_AGGRESSIVE;
				GCC_WARN_UNUSED_FUNCTION = YES;
				GCC_WARN_UNUSED_VARIABLE = YES;
				IPHONEOS_DEPLOYMENT_TARGET = 13.4;
				MTL_ENABLE_DEBUG_INFO = NO;
				MTL_FAST_MATH = YES;
				SDKROOT = iphoneos;
				SWIFT_COMPILATION_MODE = wholemodule;
				SWIFT_OPTIMIZATION_LEVEL = "-O";
				VALIDATE_PRODUCT = YES;
			};
			name = Release;
		};
		BDDA53D3243CFA300018AC97 /* Debug */ = {
			isa = XCBuildConfiguration;
			buildSettings = {
				ASSETCATALOG_COMPILER_APPICON_NAME = AppIcon;
				CODE_SIGN_STYLE = Automatic;
				DEVELOPMENT_ASSET_PATHS = "\"02-second_app/Preview Content\"";
				DEVELOPMENT_TEAM = N29ZGC7GSN;
				ENABLE_PREVIEWS = YES;
				INFOPLIST_FILE = "02-second_app/Info.plist";
				LD_RUNPATH_SEARCH_PATHS = (
					"$(inherited)",
					"@executable_path/Frameworks",
				);
				PRODUCT_BUNDLE_IDENTIFIER = "eightaws.com.-2-second-app";
				PRODUCT_NAME = "$(TARGET_NAME)";
				SWIFT_VERSION = 5.0;
				TARGETED_DEVICE_FAMILY = "1,2";
			};
			name = Debug;
		};
		BDDA53D4243CFA300018AC97 /* Release */ = {
			isa = XCBuildConfiguration;
			buildSettings = {
				ASSETCATALOG_COMPILER_APPICON_NAME = AppIcon;
				CODE_SIGN_STYLE = Automatic;
				DEVELOPMENT_ASSET_PATHS = "\"02-second_app/Preview Content\"";
				DEVELOPMENT_TEAM = N29ZGC7GSN;
				ENABLE_PREVIEWS = YES;
				INFOPLIST_FILE = "02-second_app/Info.plist";
				LD_RUNPATH_SEARCH_PATHS = (
					"$(inherited)",
					"@executable_path/Frameworks",
				);
				PRODUCT_BUNDLE_IDENTIFIER = "eightaws.com.-2-second-app";
				PRODUCT_NAME = "$(TARGET_NAME)";
				SWIFT_VERSION = 5.0;
				TARGETED_DEVICE_FAMILY = "1,2";
			};
			name = Release;
		};
/* End XCBuildConfiguration section */

/* Begin XCConfigurationList section */
		BDDA53B9243CFA2F0018AC97 /* Build configuration list for PBXProject "02-second_app" */ = {
			isa = XCConfigurationList;
			buildConfigurations = (
				BDDA53D0243CFA300018AC97 /* Debug */,
				BDDA53D1243CFA300018AC97 /* Release */,
			);
			defaultConfigurationIsVisible = 0;
			defaultConfigurationName = Release;
		};
		BDDA53D2243CFA300018AC97 /* Build configuration list for PBXNativeTarget "02-second_app" */ = {
			isa = XCConfigurationList;
			buildConfigurations = (
				BDDA53D3243CFA300018AC97 /* Debug */,
				BDDA53D4243CFA300018AC97 /* Release */,
			);
			defaultConfigurationIsVisible = 0;
			defaultConfigurationName = Release;
		};
/* End XCConfigurationList section */
	};
	rootObject = BDDA53B6243CFA2F0018AC97 /* Project object */;
}
